
Microsoft Visual Studio Solution File, Format Version 12.00
# Visual Studio Version 17
VisualStudioVersion = 17.14.37314.3 d17.14
MinimumVisualStudioVersion = 10.0.40219.1
Project("{FAE04EC0-301F-11D3-BF4B-00C04F79EFBC}") = "AlumniManagementApi", "AlumniManagementApi.csproj", "{65804F87-6BD7-4F5C-B3EF-FA6CAAE2D3BE}"
EndProject
Global
	GlobalSection(SolutionConfigurationPlatforms) = preSolution
		Debug|Any CPU = Debug|Any CPU
		Release|Any CPU = Release|Any CPU
	EndGlobalSection
	GlobalSection(ProjectConfigurationPlatforms) = postSolution
		{65804F87-6BD7-4F5C-B3EF-FA6CAAE2D3BE}.Debug|Any CPU.ActiveCfg = Debug|Any CPU
		{65804F87-6BD7-4F5C-B3EF-FA6CAAE2D3BE}.Debug|Any CPU.Build.0 = Debug|Any CPU
		{65804F87-6BD7-4F5C-B3EF-FA6CAAE2D3BE}.Release|Any CPU.ActiveCfg = Release|Any CPU
		{65804F87-6BD7-4F5C-B3EF-FA6CAAE2D3BE}.Release|Any CPU.Build.0 = Release|Any CPU
	EndGlobalSection
	GlobalSection(SolutionProperties) = preSolution
		HideSolutionNode = FALSE
	EndGlobalSection
	GlobalSection(ExtensibilityGlobals) = postSolution
		SolutionGuid = {CF19E8CC-7B81-47FF-98D9-06875B2C8F4E}
	EndGlobalSection
EndGlobal
